
Microsoft Visual Studio Solution File, Format Version 12.00
# Visual Studio Version 16
VisualStudioVersion = 16.0.30804.86
MinimumVisualStudioVersion = 10.0.40219.1
Project("{FAE04EC0-301F-11D3-BF4B-00C04F79EFBC}") = "Shopeee", "Shopeee\Shopeee.csproj", "{E791D74B-D07A-4666-9C2C-741E2087DCBE}"
EndProject
Global
	GlobalSection(SolutionConfigurationPlatforms) = preSolution
		Debug|Any CPU = Debug|Any CPU
		Release|Any CPU = Release|Any CPU
	EndGlobalSection
	GlobalSection(ProjectConfigurationPlatforms) = postSolution
		{E791D74B-D07A-4666-9C2C-741E2087DCBE}.Debug|Any CPU.ActiveCfg = Debug|Any CPU
		{E791D74B-D07A-4666-9C2C-741E2087DCBE}.Debug|Any CPU.Build.0 = Debug|Any CPU
		{E791D74B-D07A-4666-9C2C-741E2087DCBE}.Release|Any CPU.ActiveCfg = Release|Any CPU
		{E791D74B-D07A-4666-9C2C-741E2087DCBE}.Release|Any CPU.Build.0 = Release|Any CPU
	EndGlobalSection
	GlobalSection(SolutionProperties) = preSolution
		HideSolutionNode = FALSE
	EndGlobalSection
	GlobalSection(ExtensibilityGlobals) = postSolution
		SolutionGuid = {D79E04AB-C8DA-4026-B71F-1762396B91CC}
	EndGlobalSection
EndGlobal
